Microsoft Visual Studio Solution File, Format Version 12.00
# Visual Studio Version 17
VisualStudioVersion = 17.5.2.0
MinimumVisualStudioVersion = 10.0.40219.1
Project("{FAE04EC0-301F-11D3-BF4B-00C04F79EFBC}") = "Exemplo_03", "Exemplo_03.csproj", "{C5799BEC-2421-9F52-CB22-FFB1201FEE56}"
EndProject
Global
	GlobalSection(SolutionConfigurationPlatforms) = preSolution
		Debug|Any CPU = Debug|Any CPU
		Release|Any CPU = Release|Any CPU
	EndGlobalSection
	GlobalSection(ProjectConfigurationPlatforms) = postSolution
		{C5799BEC-2421-9F52-CB22-FFB1201FEE56}.Debug|Any CPU.ActiveCfg = Debug|Any CPU
		{C5799BEC-2421-9F52-CB22-FFB1201FEE56}.Debug|Any CPU.Build.0 = Debug|Any CPU
		{C5799BEC-2421-9F52-CB22-FFB1201FEE56}.Release|Any CPU.ActiveCfg = Release|Any CPU
		{C5799BEC-2421-9F52-CB22-FFB1201FEE56}.Release|Any CPU.Build.0 = Release|Any CPU
	EndGlobalSection
	GlobalSection(SolutionProperties) = preSolution
		HideSolutionNode = FALSE
	EndGlobalSection
	GlobalSection(ExtensibilityGlobals) = postSolution
		SolutionGuid = {A91F1058-92EC-4408-9D91-D6E1D0D9A432}
	EndGlobalSection
EndGlobal
