Microsoft Visual Studio Solution File, Format Version 12.00
# Visual Studio Version 17
VisualStudioVersion = 17.5.2.0
MinimumVisualStudioVersion = 10.0.40219.1
Project("{FAE04EC0-301F-11D3-BF4B-00C04F79EFBC}") = "Exemplo_05", "Exemplo_05.csproj", "{457DFB28-0C31-1E91-F86B-AFCEB09E11CA}"
EndProject
Global
	GlobalSection(SolutionConfigurationPlatforms) = preSolution
		Debug|Any CPU = Debug|Any CPU
		Release|Any CPU = Release|Any CPU
	EndGlobalSection
	GlobalSection(ProjectConfigurationPlatforms) = postSolution
		{457DFB28-0C31-1E91-F86B-AFCEB09E11CA}.Debug|Any CPU.ActiveCfg = Debug|Any CPU
		{457DFB28-0C31-1E91-F86B-AFCEB09E11CA}.Debug|Any CPU.Build.0 = Debug|Any CPU
		{457DFB28-0C31-1E91-F86B-AFCEB09E11CA}.Release|Any CPU.ActiveCfg = Release|Any CPU
		{457DFB28-0C31-1E91-F86B-AFCEB09E11CA}.Release|Any CPU.Build.0 = Release|Any CPU
	EndGlobalSection
	GlobalSection(SolutionProperties) = preSolution
		HideSolutionNode = FALSE
	EndGlobalSection
	GlobalSection(ExtensibilityGlobals) = postSolution
		SolutionGuid = {F6684035-E98D-4AF5-873C-88332FC4E7CE}
	EndGlobalSection
EndGlobal
