Microsoft Visual Studio Solution File, Format Version 12.00
# Visual Studio Version 17
VisualStudioVersion = 17.5.2.0
MinimumVisualStudioVersion = 10.0.40219.1
Project("{FAE04EC0-301F-11D3-BF4B-00C04F79EFBC}") = "Exercicio_04", "Exercicio_04.csproj", "{D3AC974D-BFD2-22DA-2619-359BA17D3264}"
EndProject
Global
	GlobalSection(SolutionConfigurationPlatforms) = preSolution
		Debug|Any CPU = Debug|Any CPU
		Release|Any CPU = Release|Any CPU
	EndGlobalSection
	GlobalSection(ProjectConfigurationPlatforms) = postSolution
		{D3AC974D-BFD2-22DA-2619-359BA17D3264}.Debug|Any CPU.ActiveCfg = Debug|Any CPU
		{D3AC974D-BFD2-22DA-2619-359BA17D3264}.Debug|Any CPU.Build.0 = Debug|Any CPU
		{D3AC974D-BFD2-22DA-2619-359BA17D3264}.Release|Any CPU.ActiveCfg = Release|Any CPU
		{D3AC974D-BFD2-22DA-2619-359BA17D3264}.Release|Any CPU.Build.0 = Release|Any CPU
	EndGlobalSection
	GlobalSection(SolutionProperties) = preSolution
		HideSolutionNode = FALSE
	EndGlobalSection
	GlobalSection(ExtensibilityGlobals) = postSolution
		SolutionGuid = {F3253591-6EFD-4136-A4A2-DA053B0438F4}
	EndGlobalSection
EndGlobal
