Microsoft Visual Studio Solution File, Format Version 12.00
# Visual Studio Version 17
VisualStudioVersion = 17.5.2.0
MinimumVisualStudioVersion = 10.0.40219.1
Project("{FAE04EC0-301F-11D3-BF4B-00C04F79EFBC}") = "Exercicio_07", "Exercicio_07.csproj", "{C183E23A-22FF-A0FF-3D90-9041EBB0F3A7}"
EndProject
Global
	GlobalSection(SolutionConfigurationPlatforms) = preSolution
		Debug|Any CPU = Debug|Any CPU
		Release|Any CPU = Release|Any CPU
	EndGlobalSection
	GlobalSection(ProjectConfigurationPlatforms) = postSolution
		{C183E23A-22FF-A0FF-3D90-9041EBB0F3A7}.Debug|Any CPU.ActiveCfg = Debug|Any CPU
		{C183E23A-22FF-A0FF-3D90-9041EBB0F3A7}.Debug|Any CPU.Build.0 = Debug|Any CPU
		{C183E23A-22FF-A0FF-3D90-9041EBB0F3A7}.Release|Any CPU.ActiveCfg = Release|Any CPU
		{C183E23A-22FF-A0FF-3D90-9041EBB0F3A7}.Release|Any CPU.Build.0 = Release|Any CPU
	EndGlobalSection
	GlobalSection(SolutionProperties) = preSolution
		HideSolutionNode = FALSE
	EndGlobalSection
	GlobalSection(ExtensibilityGlobals) = postSolution
		SolutionGuid = {7D4148AD-669B-48EA-8BC8-982A54B3ECF8}
	EndGlobalSection
EndGlobal
