Microsoft Visual Studio Solution File, Format Version 12.00
# Visual Studio Version 17
VisualStudioVersion = 17.5.2.0
MinimumVisualStudioVersion = 10.0.40219.1
Project("{FAE04EC0-301F-11D3-BF4B-00C04F79EFBC}") = "Exemplo_06", "Exemplo_06.csproj", "{6A190FD9-9F02-3E31-B782-AF1B1E1DF6F7}"
EndProject
Global
	GlobalSection(SolutionConfigurationPlatforms) = preSolution
		Debug|Any CPU = Debug|Any CPU
		Release|Any CPU = Release|Any CPU
	EndGlobalSection
	GlobalSection(ProjectConfigurationPlatforms) = postSolution
		{6A190FD9-9F02-3E31-B782-AF1B1E1DF6F7}.Debug|Any CPU.ActiveCfg = Debug|Any CPU
		{6A190FD9-9F02-3E31-B782-AF1B1E1DF6F7}.Debug|Any CPU.Build.0 = Debug|Any CPU
		{6A190FD9-9F02-3E31-B782-AF1B1E1DF6F7}.Release|Any CPU.ActiveCfg = Release|Any CPU
		{6A190FD9-9F02-3E31-B782-AF1B1E1DF6F7}.Release|Any CPU.Build.0 = Release|Any CPU
	EndGlobalSection
	GlobalSection(SolutionProperties) = preSolution
		HideSolutionNode = FALSE
	EndGlobalSection
	GlobalSection(ExtensibilityGlobals) = postSolution
		SolutionGuid = {2DB66BED-13DE-46D5-99EA-1A9B69DA61B2}
	EndGlobalSection
EndGlobal
