Microsoft Visual Studio Solution File, Format Version 12.00
# Visual Studio Version 17
VisualStudioVersion = 17.5.2.0
MinimumVisualStudioVersion = 10.0.40219.1
Project("{FAE04EC0-301F-11D3-BF4B-00C04F79EFBC}") = "Exemplo_09", "Exemplo_09.csproj", "{80872080-DB82-0EFD-18B3-60D6508F7543}"
EndProject
Global
	GlobalSection(SolutionConfigurationPlatforms) = preSolution
		Debug|Any CPU = Debug|Any CPU
		Release|Any CPU = Release|Any CPU
	EndGlobalSection
	GlobalSection(ProjectConfigurationPlatforms) = postSolution
		{80872080-DB82-0EFD-18B3-60D6508F7543}.Debug|Any CPU.ActiveCfg = Debug|Any CPU
		{80872080-DB82-0EFD-18B3-60D6508F7543}.Debug|Any CPU.Build.0 = Debug|Any CPU
		{80872080-DB82-0EFD-18B3-60D6508F7543}.Release|Any CPU.ActiveCfg = Release|Any CPU
		{80872080-DB82-0EFD-18B3-60D6508F7543}.Release|Any CPU.Build.0 = Release|Any CPU
	EndGlobalSection
	GlobalSection(SolutionProperties) = preSolution
		HideSolutionNode = FALSE
	EndGlobalSection
	GlobalSection(ExtensibilityGlobals) = postSolution
		SolutionGuid = {474AB0C9-6905-4DE2-B32F-2A022B5A9FA5}
	EndGlobalSection
EndGlobal
