Microsoft Visual Studio Solution File, Format Version 12.00
# Visual Studio Version 17
VisualStudioVersion = 17.5.2.0
MinimumVisualStudioVersion = 10.0.40219.1
Project("{FAE04EC0-301F-11D3-BF4B-00C04F79EFBC}") = "Exercicio_01", "Exercicio_01.csproj", "{FBA5F021-9531-1A35-BA1B-814B2B6F3804}"
EndProject
Global
	GlobalSection(SolutionConfigurationPlatforms) = preSolution
		Debug|Any CPU = Debug|Any CPU
		Release|Any CPU = Release|Any CPU
	EndGlobalSection
	GlobalSection(ProjectConfigurationPlatforms) = postSolution
		{FBA5F021-9531-1A35-BA1B-814B2B6F3804}.Debug|Any CPU.ActiveCfg = Debug|Any CPU
		{FBA5F021-9531-1A35-BA1B-814B2B6F3804}.Debug|Any CPU.Build.0 = Debug|Any CPU
		{FBA5F021-9531-1A35-BA1B-814B2B6F3804}.Release|Any CPU.ActiveCfg = Release|Any CPU
		{FBA5F021-9531-1A35-BA1B-814B2B6F3804}.Release|Any CPU.Build.0 = Release|Any CPU
	EndGlobalSection
	GlobalSection(SolutionProperties) = preSolution
		HideSolutionNode = FALSE
	EndGlobalSection
	GlobalSection(ExtensibilityGlobals) = postSolution
		SolutionGuid = {94DC64C7-49B5-4F29-99B3-C5BECA22045E}
	EndGlobalSection
EndGlobal
