Microsoft Visual Studio Solution File, Format Version 12.00
# Visual Studio Version 17
VisualStudioVersion = 17.5.2.0
MinimumVisualStudioVersion = 10.0.40219.1
Project("{FAE04EC0-301F-11D3-BF4B-00C04F79EFBC}") = "Exemplo_13", "Exemplo_13.csproj", "{C58B4255-29CA-9E25-FD84-03CA9BF7BEBC}"
EndProject
Global
	GlobalSection(SolutionConfigurationPlatforms) = preSolution
		Debug|Any CPU = Debug|Any CPU
		Release|Any CPU = Release|Any CPU
	EndGlobalSection
	GlobalSection(ProjectConfigurationPlatforms) = postSolution
		{C58B4255-29CA-9E25-FD84-03CA9BF7BEBC}.Debug|Any CPU.ActiveCfg = Debug|Any CPU
		{C58B4255-29CA-9E25-FD84-03CA9BF7BEBC}.Debug|Any CPU.Build.0 = Debug|Any CPU
		{C58B4255-29CA-9E25-FD84-03CA9BF7BEBC}.Release|Any CPU.ActiveCfg = Release|Any CPU
		{C58B4255-29CA-9E25-FD84-03CA9BF7BEBC}.Release|Any CPU.Build.0 = Release|Any CPU
	EndGlobalSection
	GlobalSection(SolutionProperties) = preSolution
		HideSolutionNode = FALSE
	EndGlobalSection
	GlobalSection(ExtensibilityGlobals) = postSolution
		SolutionGuid = {C0672B58-78CD-4960-93FF-E5986C75E2E0}
	EndGlobalSection
EndGlobal
